# This file is autogenerated, do not edit; changes may be undone by the next 'dep ensure'.


[[projects]]
  name = "github.com/pierrec/lz4"
  packages = [
    ".",
    "internal/xxh32"
  ]
  revision = "bb6bfd13c6a262f1943c0446eb25b7f54c1fb9a2"
  version = "v2.0.6"

[[projects]]
  name = "github.com/shamaton/msgpack"
  packages = [
    ".",
    "def",
    "ext",
    "internal/common",
    "internal/decoding",
    "internal/encoding",
    "time"
  ]
  revision = "4b86f62eba024e3be006d67ddfe17028babba73a"
  version = "v1.0.0"

[solve-meta]
  analyzer-name = "dep"
  analyzer-version = 1
  inputs-digest = "1dfd9559fe94bb5032b61c428e511571a8f82c059eb7a3469901f0d90737ad54"
  solver-name = "gps-cdcl"
  solver-version = 1
